// !$*UTF8*$!
{
	archiveVersion = 1;
	classes = {
	};
	objectVersion = 46;
	objects = {

/* Begin PBXBuildFile section */
		DF357BD11EF9BCAF000A48F1 /* AppDelegate.swift in Sources */ = {isa = PBXBuildFile; fileRef = DF357BD01EF9BCAF000A48F1 /* AppDelegate.swift */; };
		DF357BD31EF9BCAF000A48F1 /* ViewController.swift in Sources */ = {isa = PBXBuildFile; fileRef = DF357BD21EF9BCAF000A48F1 /* ViewController.swift */; };
		DF357BD61EF9BCAF000A48F1 /* Main.storyboard in Resources */ = {isa = PBXBuildFile; fileRef = DF357BD41EF9BCAF000A48F1 /* Main.storyboard */; };
		DF357BD81EF9BCAF000A48F1 /* Assets.xcassets in Resources */ = {isa = PBXBuildFile; fileRef = DF357BD71EF9BCAF000A48F1 /* Assets.xcassets */; };
		DF357BDB1EF9BCAF000A48F1 /* LaunchScreen.storyboard in Resources */ = {isa = PBXBuildFile; fileRef = DF357BD91EF9BCAF000A48F1 /* LaunchScreen.storyboard */; };
		DF357BE61EF9BCAF000A48F1 /* TippyTests.swift in Sources */ = {isa = PBXBuildFile; fileRef = DF357BE51EF9BCAF000A48F1 /* TippyTests.swift */; };
		DF357BF11EF9BCAF000A48F1 /* TippyUITests.swift in Sources */ = {isa = PBXBuildFile; fileRef = DF357BF01EF9BCAF000A48F1 /* TippyUITests.swift */; };
		DFEC2DF61EF9E562003B810A /* SettingsViewController.swift in Sources */ = {isa = PBXBuildFile; fileRef = DFEC2DF51EF9E562003B810A /* SettingsViewController.swift */; };
/* End PBXBuildFile section */

/* Begin PBXContainerItemProxy section */
		DF357BE21EF9BCAF000A48F1 /* PBXContainerItemProxy */ = {
			isa = PBXContainerItemProxy;
			containerPortal = DF357BC51EF9BCAF000A48F1 /* Project object */;
			proxyType = 1;
			remoteGlobalIDString = DF357BCC1EF9BCAF000A48F1;
			remoteInfo = Tippy;
		};
		DF357BED1EF9BCAF000A48F1 /* PBXContainerItemProxy */ = {
			isa = PBXContainerItemProxy;
			containerPortal = DF357BC51EF9BCAF000A48F1 /* Project object */;
			proxyType = 1;
			remoteGlobalIDString = DF357BCC1EF9BCAF000A48F1;
			remoteInfo = Tippy;
		};
/* End PBXContainerItemProxy section */

/* Begin PBXFileReference section */
		DF357BCD1EF9BCAF000A48F1 /* Tippy.app */ = {isa = PBXFileReference; explicitFileType = wrapper.application; includeInIndex = 0; path = Tippy.app; sourceTree = BUILT_PRODUCTS_DIR; };
		DF357BD01EF9BCAF000A48F1 /* AppDelegate.swift */ = {isa = PBXFileReference; lastKnownFileType = sourcecode.swift; path = AppDelegate.swift; sourceTree = "<group>"; };
		DF357BD21EF9BCAF000A48F1 /* ViewController.swift */ = {isa = PBXFileReference; lastKnownFileType = sourcecode.swift; path = ViewController.swift; sourceTree = "<group>"; };
		DF357BD51EF9BCAF000A48F1 /* Base */ = {isa = PBXFileReference; lastKnownFileType = file.storyboard; name = Base; path = Base.lproj/Main.storyboard; sourceTree = "<group>"; };
		DF357BD71EF9BCAF000A48F1 /* Assets.xcassets */ = {isa = PBXFileReference; lastKnownFileType = folder.assetcatalog; path = Assets.xcassets; sourceTree = "<group>"; };
		DF357BDA1EF9BCAF000A48F1 /* Base */ = {isa = PBXFileReference; lastKnownFileType = file.storyboard; name = Base; path = Base.lproj/LaunchScreen.storyboard; sourceTree = "<group>"; };
		DF357BDC1EF9BCAF000A48F1 /* Info.plist */ = {isa = PBXFileReference; lastKnownFileType = text.plist.xml; path = Info.plist; sourceTree = "<group>"; };
		DF357BE11EF9BCAF000A48F1 /* TippyTests.xctest */ = {isa = PBXFileReference; explicitFileType = wrapper.cfbundle; includeInIndex = 0; path = TippyTests.xctest; sourceTree = BUILT_PRODUCTS_DIR; };
		DF357BE51EF9BCAF000A48F1 /* TippyTests.swift */ = {isa = PBXFileReference; lastKnownFileType = sourcecode.swift; path = TippyTests.swift; sourceTree = "<group>"; };
		DF357BE71EF9BCAF000A48F1 /* Info.plist */ = {isa = PBXFileReference; lastKnownFileType = text.plist.xml; path = Info.plist; sourceTree = "<group>"; };
		DF357BEC1EF9BCAF000A48F1 /* TippyUITests.xctest */ = {isa = PBXFileReference; explicitFileType = wrapper.cfbundle; includeInIndex = 0; path = TippyUITests.xctest; sourceTree = BUILT_PRODUCTS_DIR; };
		DF357BF01EF9BCAF000A48F1 /* TippyUITests.swift */ = {isa = PBXFileReference; lastKnownFileType = sourcecode.swift; path = TippyUITests.swift; sourceTree = "<group>"; };
		DF357BF21EF9BCAF000A48F1 /* Info.plist */ = {isa = PBXFileReference; lastKnownFileType = text.plist.xml; path = Info.plist; sourceTree = "<group>"; };
		DFEC2DF51EF9E562003B810A /* SettingsViewController.swift */ = {isa = PBXFileReference; fileEncoding = 4; lastKnownFileType = sourcecode.swift; path = SettingsViewController.swift; sourceTree = "<group>"; };
/* End PBXFileReference section */

/* Begin PBXFrameworksBuildPhase section */
		DF357BCA1EF9BCAF000A48F1 /* Frameworks */ = {
			isa = PBXFrameworksBuildPhase;
			buildActionMask = 2147483647;
			files = (
			);
			runOnlyForDeploymentPostprocessing = 0;
		};
		DF357BDE1EF9BCAF000A48F1 /* Frameworks */ = {
			isa = PBXFrameworksBuildPhase;
			buildActionMask = 2147483647;
			files = (
			);
			runOnlyForDeploymentPostprocessing = 0;
		};
		DF357BE91EF9BCAF000A48F1 /* Frameworks */ = {
			isa = PBXFrameworksBuildPhase;
			buildActionMask = 2147483647;
			files = (
			);
			runOnlyForDeploymentPostprocessing = 0;
		};
/* End PBXFrameworksBuildPhase section */

/* Begin PBXGroup section */
		DF357BC41EF9BCAF000A48F1 = {
			isa = PBXGroup;
			children = (
				DF357BCF1EF9BCAF000A48F1 /* Tippy */,
				DF357BE41EF9BCAF000A48F1 /* TippyTests */,
				DF357BEF1EF9BCAF000A48F1 /* TippyUITests */,
				DF357BCE1EF9BCAF000A48F1 /* Products */,
			);
			sourceTree = "<group>";
		};
		DF357BCE1EF9BCAF000A48F1 /* Products */ = {
			isa = PBXGroup;
			children = (
				DF357BCD1EF9BCAF000A48F1 /* Tippy.app */,
				DF357BE11EF9BCAF000A48F1 /* TippyTests.xctest */,
				DF357BEC1EF9BCAF000A48F1 /* TippyUITests.xctest */,
			);
			name = Products;
			sourceTree = "<group>";
		};
		DF357BCF1EF9BCAF000A48F1 /* Tippy */ = {
			isa = PBXGroup;
			children = (
				DF357BD01EF9BCAF000A48F1 /* AppDelegate.swift */,
				DF357BD21EF9BCAF000A48F1 /* ViewController.swift */,
				DF357BD41EF9BCAF000A48F1 /* Main.storyboard */,
				DFEC2DF51EF9E562003B810A /* SettingsViewController.swift */,
				DF357BD71EF9BCAF000A48F1 /* Assets.xcassets */,
				DF357BD91EF9BCAF000A48F1 /* LaunchScreen.storyboard */,
				DF357BDC1EF9BCAF000A48F1 /* Info.plist */,
			);
			path = Tippy;
			sourceTree = "<group>";
		};
		DF357BE41EF9BCAF000A48F1 /* TippyTests */ = {
			isa = PBXGroup;
			children = (
				DF357BE51EF9BCAF000A48F1 /* TippyTests.swift */,
				DF357BE71EF9BCAF000A48F1 /* Info.plist */,
			);
			path = TippyTests;
			sourceTree = "<group>";
		};
		DF357BEF1EF9BCAF000A48F1 /* TippyUITests */ = {
			isa = PBXGroup;
			children = (
				DF357BF01EF9BCAF000A48F1 /* TippyUITests.swift */,
				DF357BF21EF9BCAF000A48F1 /* Info.plist */,
			);
			path = TippyUITests;
			sourceTree = "<group>";
		};
/* End PBXGroup section */

/* Begin PBXNativeTarget section */
		DF357BCC1EF9BCAF000A48F1 /* Tippy */ = {
			isa = PBXNativeTarget;
			buildConfigurationList = DF357BF51EF9BCAF000A48F1 /* Build configuration list for PBXNativeTarget "Tippy" */;
			buildPhases = (
				DF357BC91EF9BCAF000A48F1 /* Sources */,
				DF357BCA1EF9BCAF000A48F1 /* Frameworks */,
				DF357BCB1EF9BCAF000A48F1 /* Resources */,
			);
			buildRules = (
			);
			dependencies = (
			);
			name = Tippy;
			productName = Tippy;
			productReference = DF357BCD1EF9BCAF000A48F1 /* Tippy.app */;
			productType = "com.apple.product-type.application";
		};
		DF357BE01EF9BCAF000A48F1 /* TippyTests */ = {
			isa = PBXNativeTarget;
			buildConfigurationList = DF357BF81EF9BCAF000A48F1 /* Build configuration list for PBXNativeTarget "TippyTests" */;
			buildPhases = (
				DF357BDD1EF9BCAF000A48F1 /* Sources */,
				DF357BDE1EF9BCAF000A48F1 /* Frameworks */,
				DF357BDF1EF9BCAF000A48F1 /* Resources */,
			);
			buildRules = (
			);
			dependencies = (
				DF357BE31EF9BCAF000A48F1 /* PBXTargetDependency */,
			);
			name = TippyTests;
			productName = TippyTests;
			productReference = DF357BE11EF9BCAF000A48F1 /* TippyTests.xctest */;
			productType = "com.apple.product-type.bundle.unit-test";
		};
		DF357BEB1EF9BCAF000A48F1 /* TippyUITests */ = {
			isa = PBXNativeTarget;
			buildConfigurationList = DF357BFB1EF9BCAF000A48F1 /* Build configuration list for PBXNativeTarget "TippyUITests" */;
			buildPhases = (
				DF357BE81EF9BCAF000A48F1 /* Sources */,
				DF357BE91EF9BCAF000A48F1 /* Frameworks */,
				DF357BEA1EF9BCAF000A48F1 /* Resources */,
			);
			buildRules = (
			);
			dependencies = (
				DF357BEE1EF9BCAF000A48F1 /* PBXTargetDependency */,
			);
			name = TippyUITests;
			productName = TippyUITests;
			productReference = DF357BEC1EF9BCAF000A48F1 /* TippyUITests.xctest */;
			productType = "com.apple.product-type.bundle.ui-testing";
		};
/* End PBXNativeTarget section */

/* Begin PBXProject section */
		DF357BC51EF9BCAF000A48F1 /* Project object */ = {
			isa = PBXProject;
			attributes = {
				LastSwiftUpdateCheck = 0830;
				LastUpgradeCheck = 0830;
				ORGANIZATIONNAME = "Katie Jiang";
				TargetAttributes = {
					DF357BCC1EF9BCAF000A48F1 = {
						CreatedOnToolsVersion = 8.3.2;
						ProvisioningStyle = Automatic;
					};
					DF357BE01EF9BCAF000A48F1 = {
						CreatedOnToolsVersion = 8.3.2;
						DevelopmentTeam = SMV55D92WY;
						ProvisioningStyle = Automatic;
						TestTargetID = DF357BCC1EF9BCAF000A48F1;
					};
					DF357BEB1EF9BCAF000A48F1 = {
						CreatedOnToolsVersion = 8.3.2;
						DevelopmentTeam = SMV55D92WY;
						ProvisioningStyle = Automatic;
						TestTargetID = DF357BCC1EF9BCAF000A48F1;
					};
				};
			};
			buildConfigurationList = DF357BC81EF9BCAF000A48F1 /* Build configuration list for PBXProject "Tippy" */;
			compatibilityVersion = "Xcode 3.2";
			developmentRegion = English;
			hasScannedForEncodings = 0;
			knownRegions = (
				en,
				Base,
			);
			mainGroup = DF357BC41EF9BCAF000A48F1;
			productRefGroup = DF357BCE1EF9BCAF000A48F1 /* Products */;
			projectDirPath = "";
			projectRoot = "";
			targets = (
				DF357BCC1EF9BCAF000A48F1 /* Tippy */,
				DF357BE01EF9BCAF000A48F1 /* TippyTests */,
				DF357BEB1EF9BCAF000A48F1 /* TippyUITests */,
			);
		};
/* End PBXProject section */

/* Begin PBXResourcesBuildPhase section */
		DF357BCB1EF9BCAF000A48F1 /* Resources */ = {
			isa = PBXResourcesBuildPhase;
			buildActionMask = 2147483647;
			files = (
				DF357BDB1EF9BCAF000A48F1 /* LaunchScreen.storyboard in Resources */,
				DF357BD81EF9BCAF000A48F1 /* Assets.xcassets in Resources */,
				DF357BD61EF9BCAF000A48F1 /* Main.storyboard in Resources */,
			);
			runOnlyForDeploymentPostprocessing = 0;
		};
		DF357BDF1EF9BCAF000A48F1 /* Resources */ = {
			isa = PBXResourcesBuildPhase;
			buildActionMask = 2147483647;
			files = (
			);
			runOnlyForDeploymentPostprocessing = 0;
		};
		DF357BEA1EF9BCAF000A48F1 /* Resources */ = {
			isa = PBXResourcesBuildPhase;
			buildActionMask = 2147483647;
			files = (
			);
			runOnlyForDeploymentPostprocessing = 0;
		};
/* End PBXResourcesBuildPhase section */

/* Begin PBXSourcesBuildPhase section */
		DF357BC91EF9BCAF000A48F1 /* Sources */ = {
			isa = PBXSourcesBuildPhase;
			buildActionMask = 2147483647;
			files = (
				DF357BD31EF9BCAF000A48F1 /* ViewController.swift in Sources */,
				DF357BD11EF9BCAF000A48F1 /* AppDelegate.swift in Sources */,
				DFEC2DF61EF9E562003B810A /* SettingsViewController.swift in Sources */,
			);
			runOnlyForDeploymentPostprocessing = 0;
		};
		DF357BDD1EF9BCAF000A48F1 /* Sources */ = {
			isa = PBXSourcesBuildPhase;
			buildActionMask = 2147483647;
			files = (
				DF357BE61EF9BCAF000A48F1 /* TippyTests.swift in Sources */,
			);
			runOnlyForDeploymentPostprocessing = 0;
		};
		DF357BE81EF9BCAF000A48F1 /* Sources */ = {
			isa = PBXSourcesBuildPhase;
			buildActionMask = 2147483647;
			files = (
				DF357BF11EF9BCAF000A48F1 /* TippyUITests.swift in Sources */,
			);
			runOnlyForDeploymentPostprocessing = 0;
		};
/* End PBXSourcesBuildPhase section */

/* Begin PBXTargetDependency section */
		DF357BE31EF9BCAF000A48F1 /* PBXTargetDependency */ = {
			isa = PBXTargetDependency;
			target = DF357BCC1EF9BCAF000A48F1 /* Tippy */;
			targetProxy = DF357BE21EF9BCAF000A48F1 /* PBXContainerItemProxy */;
		};
		DF357BEE1EF9BCAF000A48F1 /* PBXTargetDependency */ = {
			isa = PBXTargetDependency;
			target = DF357BCC1EF9BCAF000A48F1 /* Tippy */;
			targetProxy = DF357BED1EF9BCAF000A48F1 /* PBXContainerItemProxy */;
		};
/* End PBXTargetDependency section */

/* Begin PBXVariantGroup section */
		DF357BD41EF9BCAF000A48F1 /* Main.storyboard */ = {
			isa = PBXVariantGroup;
			children = (
				DF357BD51EF9BCAF000A48F1 /* Base */,
			);
			name = Main.storyboard;
			sourceTree = "<group>";
		};
		DF357BD91EF9BCAF000A48F1 /* LaunchScreen.storyboard */ = {
			isa = PBXVariantGroup;
			children = (
				DF357BDA1EF9BCAF000A48F1 /* Base */,
			);
			name = LaunchScreen.storyboard;
			sourceTree = "<group>";
		};
/* End PBXVariantGroup section */

/* Begin XCBuildConfiguration section */
		DF357BF31EF9BCAF000A48F1 /* Debug */ = {
			isa = XCBuildConfiguration;
			buildSettings = {
				ALWAYS_SEARCH_USER_PATHS = NO;
				CLANG_ANALYZER_NONNULL = YES;
				CLANG_ANALYZER_NUMBER_OBJECT_CONVERSION = YES_AGGRESSIVE;
				CLANG_CXX_LANGUAGE_STANDARD = "gnu++0x";
				CLANG_CXX_LIBRARY = "libc++";
				CLANG_ENABLE_MODULES = YES;
				CLANG_ENABLE_OBJC_ARC = YES;
				CLANG_WARN_BOOL_CONVERSION = YES;
				CLANG_WARN_CONSTANT_CONVERSION = YES;
				CLANG_WARN_DIRECT_OBJC_ISA_USAGE = YES_ERROR;
				CLANG_WARN_DOCUMENTATION_COMMENTS = YES;
				CLANG_WARN_EMPTY_BODY = YES;
				CLANG_WARN_ENUM_CONVERSION = YES;
				CLANG_WARN_INFINITE_RECURSION = YES;
				CLANG_WARN_INT_CONVERSION = YES;
				CLANG_WARN_OBJC_ROOT_CLASS = YES_ERROR;
				CLANG_WARN_SUSPICIOUS_MOVE = YES;
				CLANG_WARN_UNREACHABLE_CODE = YES;
				CLANG_WARN__DUPLICATE_METHOD_MATCH = YES;
				"CODE_SIGN_IDENTITY[sdk=iphoneos*]" = "iPhone Developer";
				COPY_PHASE_STRIP = NO;
				DEBUG_INFORMATION_FORMAT = dwarf;
				ENABLE_STRICT_OBJC_MSGSEND = YES;
				ENABLE_TESTABILITY = YES;
				GCC_C_LANGUAGE_STANDARD = gnu99;
				GCC_DYNAMIC_NO_PIC = NO;
				GCC_NO_COMMON_BLOCKS = YES;
				GCC_OPTIMIZATION_LEVEL = 0;
				GCC_PREPROCESSOR_DEFINITIONS = (
					"DEBUG=1",
					"$(inherited)",
				);
				GCC_WARN_64_TO_32_BIT_CONVERSION = YES;
				GCC_WARN_ABOUT_RETURN_TYPE = YES_ERROR;
				GCC_WARN_UNDECLARED_SELECTOR = YES;
				GCC_WARN_UNINITIALIZED_AUTOS = YES_AGGRESSIVE;
				GCC_WARN_UNUSED_FUNCTION = YES;
				GCC_WARN_UNUSED_VARIABLE = YES;
				IPHONEOS_DEPLOYMENT_TARGET = 10.3;
				MTL_ENABLE_DEBUG_INFO = YES;
				ONLY_ACTIVE_ARCH = YES;
				SDKROOT = iphoneos;
				SWIFT_ACTIVE_COMPILATION_CONDITIONS = DEBUG;
				SWIFT_OPTIMIZATION_LEVEL = "-Onone";
				TARGETED_DEVICE_FAMILY = "1,2";
			};
			name = Debug;
		};
		DF357BF41EF9BCAF000A48F1 /* Release */ = {
			isa = XCBuildConfiguration;
			buildSettings = {
				ALWAYS_SEARCH_USER_PATHS = NO;
				CLANG_ANALYZER_NONNULL = YES;
				CLANG_ANALYZER_NUMBER_OBJECT_CONVERSION = YES_AGGRESSIVE;
				CLANG_CXX_LANGUAGE_STANDARD = "gnu++0x";
				CLANG_CXX_LIBRARY = "libc++";
				CLANG_ENABLE_MODULES = YES;
				CLANG_ENABLE_OBJC_ARC = YES;
				CLANG_WARN_BOOL_CONVERSION = YES;
				CLANG_WARN_CONSTANT_CONVERSION = YES;
				CLANG_WARN_DIRECT_OBJC_ISA_USAGE = YES_ERROR;
				CLANG_WARN_DOCUMENTATION_COMMENTS = YES;
				CLANG_WARN_EMPTY_BODY = YES;
				CLANG_WARN_ENUM_CONVERSION = YES;
				CLANG_WARN_INFINITE_RECURSION = YES;
				CLANG_WARN_INT_CONVERSION = YES;
				CLANG_WARN_OBJC_ROOT_CLASS = YES_ERROR;
				CLANG_WARN_SUSPICIOUS_MOVE = YES;
				CLANG_WARN_UNREACHABLE_CODE = YES;
				CLANG_WARN__DUPLICATE_METHOD_MATCH = YES;
				"CODE_SIGN_IDENTITY[sdk=iphoneos*]" = "iPhone Developer";
				COPY_PHASE_STRIP = NO;
				DEBUG_INFORMATION_FORMAT = "dwarf-with-dsym";
				ENABLE_NS_ASSERTIONS = NO;
				ENABLE_STRICT_OBJC_MSGSEND = YES;
				GCC_C_LANGUAGE_STANDARD = gnu99;
				GCC_NO_COMMON_BLOCKS = YES;
				GCC_WARN_64_TO_32_BIT_CONVERSION = YES;
				GCC_WARN_ABOUT_RETURN_TYPE = YES_ERROR;
				GCC_WARN_UNDECLARED_SELECTOR = YES;
				GCC_WARN_UNINITIALIZED_AUTOS = YES_AGGRESSIVE;
				GCC_WARN_UNUSED_FUNCTION = YES;
				GCC_WARN_UNUSED_VARIABLE = YES;
				IPHONEOS_DEPLOYMENT_TARGET = 10.3;
				MTL_ENABLE_DEBUG_INFO = NO;
				SDKROOT = iphoneos;
				SWIFT_OPTIMIZATION_LEVEL = "-Owholemodule";
				TARGETED_DEVICE_FAMILY = "1,2";
				VALIDATE_PRODUCT = YES;
			};
			name = Release;
		};
		DF357BF61EF9BCAF000A48F1 /* Debug */ = {
			isa = XCBuildConfiguration;
			buildSettings = {
				ASSETCATALOG_COMPILER_APPICON_NAME = AppIcon;
				DEVELOPMENT_TEAM = "";
				INFOPLIST_FILE = Tippy/Info.plist;
				LD_RUNPATH_SEARCH_PATHS = "$(inherited) @executable_path/Frameworks";
				PRODUCT_BUNDLE_IDENTIFIER = com.katiejiang.Tippy;
				PRODUCT_NAME = "$(TARGET_NAME)";
				SWIFT_VERSION = 3.0;
			};
			name = Debug;
		};
		DF357BF71EF9BCAF000A48F1 /* Release */ = {
			isa = XCBuildConfiguration;
			buildSettings = {
				ASSETCATALOG_COMPILER_APPICON_NAME = AppIcon;
				DEVELOPMENT_TEAM = "";
				INFOPLIST_FILE = Tippy/Info.plist;
				LD_RUNPATH_SEARCH_PATHS = "$(inherited) @executable_path/Frameworks";
				PRODUCT_BUNDLE_IDENTIFIER = com.katiejiang.Tippy;
				PRODUCT_NAME = "$(TARGET_NAME)";
				SWIFT_VERSION = 3.0;
			};
			name = Release;
		};
		DF357BF91EF9BCAF000A48F1 /* Debug */ = {
			isa = XCBuildConfiguration;
			buildSettings = {
				ALWAYS_EMBED_SWIFT_STANDARD_LIBRARIES = YES;
				BUNDLE_LOADER = "$(TEST_HOST)";
				DEVELOPMENT_TEAM = SMV55D92WY;
				INFOPLIST_FILE = TippyTests/Info.plist;
				LD_RUNPATH_SEARCH_PATHS = "$(inherited) @executable_path/Frameworks @loader_path/Frameworks";
				PRODUCT_BUNDLE_IDENTIFIER = com.katiejiang.TippyTests;
				PRODUCT_NAME = "$(TARGET_NAME)";
				SWIFT_VERSION = 3.0;
				TEST_HOST = "$(BUILT_PRODUCTS_DIR)/Tippy.app/Tippy";
			};
			name = Debug;
		};
		DF357BFA1EF9BCAF000A48F1 /* Release */ = {
			isa = XCBuildConfiguration;
			buildSettings = {
				ALWAYS_EMBED_SWIFT_STANDARD_LIBRARIES = YES;
				BUNDLE_LOADER = "$(TEST_HOST)";
				DEVELOPMENT_TEAM = SMV55D92WY;
				INFOPLIST_FILE = TippyTests/Info.plist;
				LD_RUNPATH_SEARCH_PATHS = "$(inherited) @executable_path/Frameworks @loader_path/Frameworks";
				PRODUCT_BUNDLE_IDENTIFIER = com.katiejiang.TippyTests;
				PRODUCT_NAME = "$(TARGET_NAME)";
				SWIFT_VERSION = 3.0;
				TEST_HOST = "$(BUILT_PRODUCTS_DIR)/Tippy.app/Tippy";
			};
			name = Release;
		};
		DF357BFC1EF9BCAF000A48F1 /* Debug */ = {
			isa = XCBuildConfiguration;
			buildSettings = {
				ALWAYS_EMBED_SWIFT_STANDARD_LIBRARIES = YES;
				DEVELOPMENT_TEAM = SMV55D92WY;
				INFOPLIST_FILE = TippyUITests/Info.plist;
				LD_RUNPATH_SEARCH_PATHS = "$(inherited) @executable_path/Frameworks @loader_path/Frameworks";
				PRODUCT_BUNDLE_IDENTIFIER = com.katiejiang.TippyUITests;
				PRODUCT_NAME = "$(TARGET_NAME)";
				SWIFT_VERSION = 3.0;
				TEST_TARGET_NAME = Tippy;
			};
			name = Debug;
		};
		DF357BFD1EF9BCAF000A48F1 /* Release */ = {
			isa = XCBuildConfiguration;
			buildSettings = {
				ALWAYS_EMBED_SWIFT_STANDARD_LIBRARIES = YES;
				DEVELOPMENT_TEAM = SMV55D92WY;
				INFOPLIST_FILE = TippyUITests/Info.plist;
				LD_RUNPATH_SEARCH_PATHS = "$(inherited) @executable_path/Frameworks @loader_path/Frameworks";
				PRODUCT_BUNDLE_IDENTIFIER = com.katiejiang.TippyUITests;
				PRODUCT_NAME = "$(TARGET_NAME)";
				SWIFT_VERSION = 3.0;
				TEST_TARGET_NAME = Tippy;
			};
			name = Release;
		};
/* End XCBuildConfiguration section */

/* Begin XCConfigurationList section */
		DF357BC81EF9BCAF000A48F1 /* Build configuration list for PBXProject "Tippy" */ = {
			isa = XCConfigurationList;
			buildConfigurations = (
				DF357BF31EF9BCAF000A48F1 /* Debug */,
				DF357BF41EF9BCAF000A48F1 /* Release */,
			);
			defaultConfigurationIsVisible = 0;
			defaultConfigurationName = Release;
		};
		DF357BF51EF9BCAF000A48F1 /* Build configuration list for PBXNativeTarget "Tippy" */ = {
			isa = XCConfigurationList;
			buildConfigurations = (
				DF357BF61EF9BCAF000A48F1 /* Debug */,
				DF357BF71EF9BCAF000A48F1 /* Release */,
			);
			defaultConfigurationIsVisible = 0;
			defaultConfigurationName = Release;
		};
		DF357BF81EF9BCAF000A48F1 /* Build configuration list for PBXNativeTarget "TippyTests" */ = {
			isa = XCConfigurationList;
			buildConfigurations = (
				DF357BF91EF9BCAF000A48F1 /* Debug */,
				DF357BFA1EF9BCAF000A48F1 /* Release */,
			);
			defaultConfigurationIsVisible = 0;
			defaultConfigurationName = Release;
		};
		DF357BFB1EF9BCAF000A48F1 /* Build configuration list for PBXNativeTarget "TippyUITests" */ = {
			isa = XCConfigurationList;
			buildConfigurations = (
				DF357BFC1EF9BCAF000A48F1 /* Debug */,
				DF357BFD1EF9BCAF000A48F1 /* Release */,
			);
			defaultConfigurationIsVisible = 0;
			defaultConfigurationName = Release;
		};
/* End XCConfigurationList section */
	};
	rootObject = DF357BC51EF9BCAF000A48F1 /* Project object */;
}
